
Microsoft Visual Studio Solution File, Format Version 12.00
# Visual Studio Version 17
VisualStudioVersion = 17.7.34202.233
MinimumVisualStudioVersion = 10.0.40219.1
Project("{FAE04EC0-301F-11D3-BF4B-00C04F79EFBC}") = "OpenTK_console_01", "..\OpenTK_console_01\OpenTK_console_01.csproj", "{CDF7CE71-5CB7-4AF5-AFE0-CEED15FC7C78}"
EndProject
Global
	GlobalSection(SolutionConfigurationPlatforms) = preSolution
		Debug|Any CPU = Debug|Any CPU
		Release|Any CPU = Release|Any CPU
	EndGlobalSection
	GlobalSection(ProjectConfigurationPlatforms) = postSolution
		{CDF7CE71-5CB7-4AF5-AFE0-CEED15FC7C78}.Debug|Any CPU.ActiveCfg = Debug|Any CPU
		{CDF7CE71-5CB7-4AF5-AFE0-CEED15FC7C78}.Debug|Any CPU.Build.0 = Debug|Any CPU
		{CDF7CE71-5CB7-4AF5-AFE0-CEED15FC7C78}.Release|Any CPU.ActiveCfg = Release|Any CPU
		{CDF7CE71-5CB7-4AF5-AFE0-CEED15FC7C78}.Release|Any CPU.Build.0 = Release|Any CPU
	EndGlobalSection
	GlobalSection(SolutionProperties) = preSolution
		HideSolutionNode = FALSE
	EndGlobalSection
	GlobalSection(ExtensibilityGlobals) = postSolution
		SolutionGuid = {8C44BAC6-6F56-46CF-AC24-C1EFE35FDD61}
	EndGlobalSection
EndGlobal
